
Microsoft Visual Studio Solution File, Format Version 12.00
# Visual Studio Version 16
VisualStudioVersion = 16.0.28803.156
MinimumVisualStudioVersion = 10.0.40219.1
Project("{FAE04EC0-301F-11D3-BF4B-00C04F79EFBC}") = "myFinancas.MVC", "myFinancas.MVC\myFinancas.MVC.csproj", "{66B84800-69CF-4DB3-8E5B-AF2E583EE48F}"
EndProject
Global
	GlobalSection(SolutionConfigurationPlatforms) = preSolution
		Debug|Any CPU = Debug|Any CPU
		Release|Any CPU = Release|Any CPU
	EndGlobalSection
	GlobalSection(ProjectConfigurationPlatforms) = postSolution
		{66B84800-69CF-4DB3-8E5B-AF2E583EE48F}.Debug|Any CPU.ActiveCfg = Debug|Any CPU
		{66B84800-69CF-4DB3-8E5B-AF2E583EE48F}.Debug|Any CPU.Build.0 = Debug|Any CPU
		{66B84800-69CF-4DB3-8E5B-AF2E583EE48F}.Release|Any CPU.ActiveCfg = Release|Any CPU
		{66B84800-69CF-4DB3-8E5B-AF2E583EE48F}.Release|Any CPU.Build.0 = Release|Any CPU
	EndGlobalSection
	GlobalSection(SolutionProperties) = preSolution
		HideSolutionNode = FALSE
	EndGlobalSection
	GlobalSection(ExtensibilityGlobals) = postSolution
		SolutionGuid = {0E27F9B6-9776-4986-89FF-E0663582F396}
	EndGlobalSection
EndGlobal
